
Microsoft Visual Studio Solution File, Format Version 12.00
# Visual Studio 15
VisualStudioVersion = 15.0.27703.2000
MinimumVisualStudioVersion = 10.0.40219.1
Project("{FAE04EC0-301F-11D3-BF4B-00C04F79EFBC}") = "AutoDeal", "AutoDeal\AutoDeal.csproj", "{B822B495-FC54-4E84-8958-3030E581EE5E}"
EndProject
Global
	GlobalSection(SolutionConfigurationPlatforms) = preSolution
		Debug|Any CPU = Debug|Any CPU
		Release|Any CPU = Release|Any CPU
	EndGlobalSection
	GlobalSection(ProjectConfigurationPlatforms) = postSolution
		{B822B495-FC54-4E84-8958-3030E581EE5E}.Debug|Any CPU.ActiveCfg = Debug|Any CPU
		{B822B495-FC54-4E84-8958-3030E581EE5E}.Debug|Any CPU.Build.0 = Debug|Any CPU
		{B822B495-FC54-4E84-8958-3030E581EE5E}.Release|Any CPU.ActiveCfg = Release|Any CPU
		{B822B495-FC54-4E84-8958-3030E581EE5E}.Release|Any CPU.Build.0 = Release|Any CPU
	EndGlobalSection
	GlobalSection(SolutionProperties) = preSolution
		HideSolutionNode = FALSE
	EndGlobalSection
	GlobalSection(ExtensibilityGlobals) = postSolution
		SolutionGuid = {211972D4-7791-463B-9D26-F1C62F78586A}
	EndGlobalSection
EndGlobal
